
Microsoft Visual Studio Solution File, Format Version 12.00
# Visual Studio 15
VisualStudioVersion = 15.0.28307.705
MinimumVisualStudioVersion = 10.0.40219.1
Project("{FAE04EC0-301F-11D3-BF4B-00C04F79EFBC}") = "AvaloniaApplication1", "AvaloniaApplication1\AvaloniaApplication1.csproj", "{8EC0C13C-2599-400E-89BF-C673CF5885C0}"
EndProject
Project("{FAE04EC0-301F-11D3-BF4B-00C04F79EFBC}") = "AvaloniaApplication2", "AvaloniaApplication2\AvaloniaApplication2.csproj", "{F5F68138-07E4-4708-8CEB-E277FE163D15}"
EndProject
Global
	GlobalSection(SolutionConfigurationPlatforms) = preSolution
		Debug|Any CPU = Debug|Any CPU
		Release|Any CPU = Release|Any CPU
	EndGlobalSection
	GlobalSection(ProjectConfigurationPlatforms) = postSolution
		{8EC0C13C-2599-400E-89BF-C673CF5885C0}.Debug|Any CPU.ActiveCfg = Debug|Any CPU
		{8EC0C13C-2599-400E-89BF-C673CF5885C0}.Debug|Any CPU.Build.0 = Debug|Any CPU
		{8EC0C13C-2599-400E-89BF-C673CF5885C0}.Release|Any CPU.ActiveCfg = Release|Any CPU
		{8EC0C13C-2599-400E-89BF-C673CF5885C0}.Release|Any CPU.Build.0 = Release|Any CPU
		{F5F68138-07E4-4708-8CEB-E277FE163D15}.Debug|Any CPU.ActiveCfg = Debug|Any CPU
		{F5F68138-07E4-4708-8CEB-E277FE163D15}.Debug|Any CPU.Build.0 = Debug|Any CPU
		{F5F68138-07E4-4708-8CEB-E277FE163D15}.Release|Any CPU.ActiveCfg = Release|Any CPU
		{F5F68138-07E4-4708-8CEB-E277FE163D15}.Release|Any CPU.Build.0 = Release|Any CPU
	EndGlobalSection
	GlobalSection(SolutionProperties) = preSolution
		HideSolutionNode = FALSE
	EndGlobalSection
	GlobalSection(ExtensibilityGlobals) = postSolution
		SolutionGuid = {EBD94B46-0379-45D4-B88E-1990457E0983}
	EndGlobalSection
EndGlobal
